
Microsoft Visual Studio Solution File, Format Version 12.00
# Visual Studio 15
VisualStudioVersion = 15.0.27703.2026
MinimumVisualStudioVersion = 10.0.40219.1
Project("{FAE04EC0-301F-11D3-BF4B-00C04F79EFBC}") = "ADXReg2Inf", "ADXReg2Inf\ADXReg2Inf.csproj", "{A2C05768-E903-46BD-B91B-A2C437084CD3}"
EndProject
Global
	GlobalSection(SolutionConfigurationPlatforms) = preSolution
		Debug|Any CPU = Debug|Any CPU
		Release|Any CPU = Release|Any CPU
	EndGlobalSection
	GlobalSection(ProjectConfigurationPlatforms) = postSolution
		{A2C05768-E903-46BD-B91B-A2C437084CD3}.Debug|Any CPU.ActiveCfg = Debug|x86
		{A2C05768-E903-46BD-B91B-A2C437084CD3}.Debug|Any CPU.Build.0 = Debug|x86
		{A2C05768-E903-46BD-B91B-A2C437084CD3}.Release|Any CPU.ActiveCfg = Release|Any CPU
		{A2C05768-E903-46BD-B91B-A2C437084CD3}.Release|Any CPU.Build.0 = Release|Any CPU
	EndGlobalSection
	GlobalSection(SolutionProperties) = preSolution
		HideSolutionNode = FALSE
	EndGlobalSection
	GlobalSection(ExtensibilityGlobals) = postSolution
		SolutionGuid = {E1943BC7-2613-47B4-8EEA-88AE199511DC}
	EndGlobalSection
EndGlobal
